
Microsoft Visual Studio Solution File, Format Version 12.00
# Visual Studio Version 17
VisualStudioVersion = 17.0.31903.59
MinimumVisualStudioVersion = 10.0.40219.1
Project("{FAE04EC0-301F-11D3-BF4B-00C04F79EFBC}") = "GestionParc.Domain", "GestionParc.Domain\GestionParc.Domain.csproj", "{49166AFD-DD95-4FF0-A374-01E2EDDA8CD2}"
EndProject
Project("{FAE04EC0-301F-11D3-BF4B-00C04F79EFBC}") = "GestionParc.Application", "GestionParc.Application\GestionParc.Application.csproj", "{CBC9B20C-0761-4BD0-B355-F95338E188ED}"
EndProject
Project("{FAE04EC0-301F-11D3-BF4B-00C04F79EFBC}") = "GestionParc.Infrastructure", "GestionParc.Infrastructure\GestionParc.Infrastructure.csproj", "{B30DBBB0-4686-42F1-AF59-DEB67AACA8C3}"
EndProject
Project("{FAE04EC0-301F-11D3-BF4B-00C04F79EFBC}") = "GestionParc.Api", "GestionParc.Api\GestionParc.Api.csproj", "{D870B470-9911-4923-A8E5-62B1F112FE93}"
EndProject
Project("{FAE04EC0-301F-11D3-BF4B-00C04F79EFBC}") = "GestionParc.Tests", "GestionParc.Tests\GestionParc.Tests.csproj", "{78AC92A6-7429-4B6D-909D-2FC8172AAB0D}"
EndProject
Global
	GlobalSection(SolutionConfigurationPlatforms) = preSolution
		Debug|Any CPU = Debug|Any CPU
		Debug|x64 = Debug|x64
		Debug|x86 = Debug|x86
		Release|Any CPU = Release|Any CPU
		Release|x64 = Release|x64
		Release|x86 = Release|x86
	EndGlobalSection
	GlobalSection(ProjectConfigurationPlatforms) = postSolution
		{49166AFD-DD95-4FF0-A374-01E2EDDA8CD2}.Debug|Any CPU.ActiveCfg = Debug|Any CPU
		{49166AFD-DD95-4FF0-A374-01E2EDDA8CD2}.Debug|Any CPU.Build.0 = Debug|Any CPU
		{49166AFD-DD95-4FF0-A374-01E2EDDA8CD2}.Debug|x64.ActiveCfg = Debug|Any CPU
		{49166AFD-DD95-4FF0-A374-01E2EDDA8CD2}.Debug|x64.Build.0 = Debug|Any CPU
		{49166AFD-DD95-4FF0-A374-01E2EDDA8CD2}.Debug|x86.ActiveCfg = Debug|Any CPU
		{49166AFD-DD95-4FF0-A374-01E2EDDA8CD2}.Debug|x86.Build.0 = Debug|Any CPU
		{49166AFD-DD95-4FF0-A374-01E2EDDA8CD2}.Release|Any CPU.ActiveCfg = Release|Any CPU
		{49166AFD-DD95-4FF0-A374-01E2EDDA8CD2}.Release|Any CPU.Build.0 = Release|Any CPU
		{49166AFD-DD95-4FF0-A374-01E2EDDA8CD2}.Release|x64.ActiveCfg = Release|Any CPU
		{49166AFD-DD95-4FF0-A374-01E2EDDA8CD2}.Release|x64.Build.0 = Release|Any CPU
		{49166AFD-DD95-4FF0-A374-01E2EDDA8CD2}.Release|x86.ActiveCfg = Release|Any CPU
		{49166AFD-DD95-4FF0-A374-01E2EDDA8CD2}.Release|x86.Build.0 = Release|Any CPU
		{CBC9B20C-0761-4BD0-B355-F95338E188ED}.Debug|Any CPU.ActiveCfg = Debug|Any CPU
		{CBC9B20C-0761-4BD0-B355-F95338E188ED}.Debug|Any CPU.Build.0 = Debug|Any CPU
		{CBC9B20C-0761-4BD0-B355-F95338E188ED}.Debug|x64.ActiveCfg = Debug|Any CPU
		{CBC9B20C-0761-4BD0-B355-F95338E188ED}.Debug|x64.Build.0 = Debug|Any CPU
		{CBC9B20C-0761-4BD0-B355-F95338E188ED}.Debug|x86.ActiveCfg = Debug|Any CPU
		{CBC9B20C-0761-4BD0-B355-F95338E188ED}.Debug|x86.Build.0 = Debug|Any CPU
		{CBC9B20C-0761-4BD0-B355-F95338E188ED}.Release|Any CPU.ActiveCfg = Release|Any CPU
		{CBC9B20C-0761-4BD0-B355-F95338E188ED}.Release|Any CPU.Build.0 = Release|Any CPU
		{CBC9B20C-0761-4BD0-B355-F95338E188ED}.Release|x64.ActiveCfg = Release|Any CPU
		{CBC9B20C-0761-4BD0-B355-F95338E188ED}.Release|x64.Build.0 = Release|Any CPU
		{CBC9B20C-0761-4BD0-B355-F95338E188ED}.Release|x86.ActiveCfg = Release|Any CPU
		{CBC9B20C-0761-4BD0-B355-F95338E188ED}.Release|x86.Build.0 = Release|Any CPU
		{B30DBBB0-4686-42F1-AF59-DEB67AACA8C3}.Debug|Any CPU.ActiveCfg = Debug|Any CPU
		{B30DBBB0-4686-42F1-AF59-DEB67AACA8C3}.Debug|Any CPU.Build.0 = Debug|Any CPU
		{B30DBBB0-4686-42F1-AF59-DEB67AACA8C3}.Debug|x64.ActiveCfg = Debug|Any CPU
		{B30DBBB0-4686-42F1-AF59-DEB67AACA8C3}.Debug|x64.Build.0 = Debug|Any CPU
		{B30DBBB0-4686-42F1-AF59-DEB67AACA8C3}.Debug|x86.ActiveCfg = Debug|Any CPU
		{B30DBBB0-4686-42F1-AF59-DEB67AACA8C3}.Debug|x86.Build.0 = Debug|Any CPU
		{B30DBBB0-4686-42F1-AF59-DEB67AACA8C3}.Release|Any CPU.ActiveCfg = Release|Any CPU
		{B30DBBB0-4686-42F1-AF59-DEB67AACA8C3}.Release|Any CPU.Build.0 = Release|Any CPU
		{B30DBBB0-4686-42F1-AF59-DEB67AACA8C3}.Release|x64.ActiveCfg = Release|Any CPU
		{B30DBBB0-4686-42F1-AF59-DEB67AACA8C3}.Release|x64.Build.0 = Release|Any CPU
		{B30DBBB0-4686-42F1-AF59-DEB67AACA8C3}.Release|x86.ActiveCfg = Release|Any CPU
		{B30DBBB0-4686-42F1-AF59-DEB67AACA8C3}.Release|x86.Build.0 = Release|Any CPU
		{D870B470-9911-4923-A8E5-62B1F112FE93}.Debug|Any CPU.ActiveCfg = Debug|Any CPU
		{D870B470-9911-4923-A8E5-62B1F112FE93}.Debug|Any CPU.Build.0 = Debug|Any CPU
		{D870B470-9911-4923-A8E5-62B1F112FE93}.Debug|x64.ActiveCfg = Debug|Any CPU
		{D870B470-9911-4923-A8E5-62B1F112FE93}.Debug|x64.Build.0 = Debug|Any CPU
		{D870B470-9911-4923-A8E5-62B1F112FE93}.Debug|x86.ActiveCfg = Debug|Any CPU
		{D870B470-9911-4923-A8E5-62B1F112FE93}.Debug|x86.Build.0 = Debug|Any CPU
		{D870B470-9911-4923-A8E5-62B1F112FE93}.Release|Any CPU.ActiveCfg = Release|Any CPU
		{D870B470-9911-4923-A8E5-62B1F112FE93}.Release|Any CPU.Build.0 = Release|Any CPU
		{D870B470-9911-4923-A8E5-62B1F112FE93}.Release|x64.ActiveCfg = Release|Any CPU
		{D870B470-9911-4923-A8E5-62B1F112FE93}.Release|x64.Build.0 = Release|Any CPU
		{D870B470-9911-4923-A8E5-62B1F112FE93}.Release|x86.ActiveCfg = Release|Any CPU
		{D870B470-9911-4923-A8E5-62B1F112FE93}.Release|x86.Build.0 = Release|Any CPU
		{78AC92A6-7429-4B6D-909D-2FC8172AAB0D}.Debug|Any CPU.ActiveCfg = Debug|Any CPU
		{78AC92A6-7429-4B6D-909D-2FC8172AAB0D}.Debug|Any CPU.Build.0 = Debug|Any CPU
		{78AC92A6-7429-4B6D-909D-2FC8172AAB0D}.Debug|x64.ActiveCfg = Debug|Any CPU
		{78AC92A6-7429-4B6D-909D-2FC8172AAB0D}.Debug|x64.Build.0 = Debug|Any CPU
		{78AC92A6-7429-4B6D-909D-2FC8172AAB0D}.Debug|x86.ActiveCfg = Debug|Any CPU
		{78AC92A6-7429-4B6D-909D-2FC8172AAB0D}.Debug|x86.Build.0 = Debug|Any CPU
		{78AC92A6-7429-4B6D-909D-2FC8172AAB0D}.Release|Any CPU.ActiveCfg = Release|Any CPU
		{78AC92A6-7429-4B6D-909D-2FC8172AAB0D}.Release|Any CPU.Build.0 = Release|Any CPU
		{78AC92A6-7429-4B6D-909D-2FC8172AAB0D}.Release|x64.ActiveCfg = Release|Any CPU
		{78AC92A6-7429-4B6D-909D-2FC8172AAB0D}.Release|x64.Build.0 = Release|Any CPU
		{78AC92A6-7429-4B6D-909D-2FC8172AAB0D}.Release|x86.ActiveCfg = Release|Any CPU
		{78AC92A6-7429-4B6D-909D-2FC8172AAB0D}.Release|x86.Build.0 = Release|Any CPU
	EndGlobalSection
	GlobalSection(SolutionProperties) = preSolution
		HideSolutionNode = FALSE
	EndGlobalSection
EndGlobal
